
Microsoft Visual Studio Solution File, Format Version 12.00
# Visual Studio Version 17
VisualStudioVersion = 17.5.33627.172
MinimumVisualStudioVersion = 10.0.40219.1
Project("{FAE04EC0-301F-11D3-BF4B-00C04F79EFBC}") = "QrCode.Api", "QrCode.Api\QrCode.Api.csproj", "{E72D8099-96E1-4077-AD23-C5EA33ED7DEA}"
EndProject
Global
	GlobalSection(SolutionConfigurationPlatforms) = preSolution
		Debug|Any CPU = Debug|Any CPU
		Release|Any CPU = Release|Any CPU
	EndGlobalSection
	GlobalSection(ProjectConfigurationPlatforms) = postSolution
		{E72D8099-96E1-4077-AD23-C5EA33ED7DEA}.Debug|Any CPU.ActiveCfg = Debug|Any CPU
		{E72D8099-96E1-4077-AD23-C5EA33ED7DEA}.Debug|Any CPU.Build.0 = Debug|Any CPU
		{E72D8099-96E1-4077-AD23-C5EA33ED7DEA}.Release|Any CPU.ActiveCfg = Release|Any CPU
		{E72D8099-96E1-4077-AD23-C5EA33ED7DEA}.Release|Any CPU.Build.0 = Release|Any CPU
	EndGlobalSection
	GlobalSection(SolutionProperties) = preSolution
		HideSolutionNode = FALSE
	EndGlobalSection
	GlobalSection(ExtensibilityGlobals) = postSolution
		SolutionGuid = {F863AD0A-BF0C-4074-A92C-179411EBB24C}
	EndGlobalSection
EndGlobal
